lockfileVersion: 5.4

importers:

  packages/my-package:
    specifiers:
      '@tsgo-repros/my-package-b': workspace:*
      '@typescript/native-preview': 7.0.0-dev.20250617.1
      typescript: 5.8.3
    devDependencies:
      '@tsgo-repros/my-package-b': link:../my-package-b
      '@typescript/native-preview': 7.0.0-dev.20250617.1
      typescript: 5.8.3

  packages/my-package-b:
    specifiers:
      '@typescript/native-preview': 7.0.0-dev.20250617.1
      typescript: 5.8.3
    devDependencies:
      '@typescript/native-preview': 7.0.0-dev.20250617.1
      typescript: 5.8.3

packages:

  /@typescript/native-preview-darwin-arm64/7.0.0-dev.20250617.1:
    resolution: {integrity: sha512-GfymQ0cnEWOoae9Yb/20VE9Mqd4gowOPRzfxJtCbmYc8Yr2XAEavKnB8eHgtE5LYxML2796GADmIRhSS2qkmeA==}
    engines: {node: '>=20.6.0'}
    cpu: [arm64]
    os: [darwin]
    requiresBuild: true
    dev: true
    optional: true

  /@typescript/native-preview-darwin-x64/7.0.0-dev.20250617.1:
    resolution: {integrity: sha512-ZIDJvjYeB2+uHsaQCGwpFbbMdLiJQMWIdTV2ba4cFKDMEQrrj2idPL0NH618joChE8enQ1E6YBMFtJcunzaO5A==}
    engines: {node: '>=20.6.0'}
    cpu: [x64]
    os: [darwin]
    requiresBuild: true
    dev: true
    optional: true

  /@typescript/native-preview-linux-arm/7.0.0-dev.20250617.1:
    resolution: {integrity: sha512-BImtvCIl8QrJaMhAvu4cW/aguShR29ypSPqFBMzGHGttdA0A9Opqwv4KB4JP9Pa3FPIrsvQ3EnKIzXYsxR1rXQ==}
    engines: {node: '>=20.6.0'}
    cpu: [arm]
    os: [linux]
    requiresBuild: true
    dev: true
    optional: true

  /@typescript/native-preview-linux-arm64/7.0.0-dev.20250617.1:
    resolution: {integrity: sha512-/OGztX0ZTvOq1xjE0m4bKC0+0ADFopE1+wG5P2x0eifgYJqWS8Z3hZGzCIZ9EntEw5ehaaepSs2x+rFYw/mozg==}
    engines: {node: '>=20.6.0'}
    cpu: [arm64]
    os: [linux]
    requiresBuild: true
    dev: true
    optional: true

  /@typescript/native-preview-linux-x64/7.0.0-dev.20250617.1:
    resolution: {integrity: sha512-YgJQ86WmTiTcm0bfV3cJr06lj4AXjnRSQ7wPn4Akie1ZnBwJ/MuBkSshcikeizEcwSNDq1wfcC1ajNTlwA6zlw==}
    engines: {node: '>=20.6.0'}
    cpu: [x64]
    os: [linux]
    requiresBuild: true
    dev: true
    optional: true

  /@typescript/native-preview-win32-arm64/7.0.0-dev.20250617.1:
    resolution: {integrity: sha512-VGJL5ovkI2G4XCWeiAbQWIj2a20HIeZ5aXqxdqp6toiJ71K/w1iWa1UUFmS7Ahszr3IGUWMp54OKD8pH77+dow==}
    engines: {node: '>=20.6.0'}
    cpu: [arm64]
    os: [win32]
    requiresBuild: true
    dev: true
    optional: true

  /@typescript/native-preview-win32-x64/7.0.0-dev.20250617.1:
    resolution: {integrity: sha512-w11yreVQnIP+QLF84OJUkHq7xdk5x3N6BWKnawcqYkSXLLkWBCJtzxUKr4+rT2cnITOGqWX7IVKBkWY0pJzBWw==}
    engines: {node: '>=20.6.0'}
    cpu: [x64]
    os: [win32]
    requiresBuild: true
    dev: true
    optional: true

  /@typescript/native-preview/7.0.0-dev.20250617.1:
    resolution: {integrity: sha512-ns9t0bz3JMuUnzeRbFFjPkVPJozl0gkEzPk6RTAALC/oAyCD22ZWWNT2f/4BnfaPCSv/VmS+DE+ehsBUhlLyvw==}
    engines: {node: '>=20.6.0'}
    hasBin: true
    optionalDependencies:
      '@typescript/native-preview-darwin-arm64': 7.0.0-dev.20250617.1
      '@typescript/native-preview-darwin-x64': 7.0.0-dev.20250617.1
      '@typescript/native-preview-linux-arm': 7.0.0-dev.20250617.1
      '@typescript/native-preview-linux-arm64': 7.0.0-dev.20250617.1
      '@typescript/native-preview-linux-x64': 7.0.0-dev.20250617.1
      '@typescript/native-preview-win32-arm64': 7.0.0-dev.20250617.1
      '@typescript/native-preview-win32-x64': 7.0.0-dev.20250617.1
    dev: true

  /typescript/5.8.3:
    resolution: {integrity: sha512-p1diW6TqL9L07nNxvRMM7hMMw4c5XOo/1ibL4aAIGmSAt9slTE1Xgw5KWuof2uTOvCg9BY7ZRi+GaF+7sfgPeQ==}
    engines: {node: '>=14.17'}
    hasBin: true
    dev: true
